<?xml version="1.0" encoding="utf-8"?>
<Project ToolsVersion="4.0" xmlns="http://schemas.microsoft.com/developer/msbuild/2003">
  <ItemGroup>
    <ClCompile Include="main.c" />
    <ClCompile Include="Makefile" />
    <ClCompile Include="tree_node\node.c" />
    <ClCompile Include="tree_schema\tree_schema.c" />
    <ClCompile Include="Storage File Public API\storageFile.c" />
    <ClCompile Include="OSFile API\osFile.c" />
    <ClCompile Include="Data File API\dataFile.c" />
  </ItemGroup>
  <ItemGroup>
    <ClInclude Include="headers\node.h" />
    <ClInclude Include="headers\iStorageFile.h" />
    <ClInclude Include="headers\osFile.h" />
  </ItemGroup>
</Project>